// !$*UTF8*$!
{
	archiveVersion = 1;
	classes = {
	};
	objectVersion = 50;
	objects = {

/* Begin PBXBuildFile section */
		C80D9489217F1F230004AEE1 /* AppDelegate.m in Sources */ = {isa = PBXBuildFile; fileRef = C80D9488217F1F230004AEE1 /* AppDelegate.m */; };
		C80D948C217F1F230004AEE1 /* ViewController.m in Sources */ = {isa = PBXBuildFile; fileRef = C80D948B217F1F230004AEE1 /* ViewController.m */; };
		C80D948F217F1F230004AEE1 /* Main.storyboard in Resources */ = {isa = PBXBuildFile; fileRef = C80D948D217F1F230004AEE1 /* Main.storyboard */; };
		C80D9491217F1F240004AEE1 /* Assets.xcassets in Resources */ = {isa = PBXBuildFile; fileRef = C80D9490217F1F240004AEE1 /* Assets.xcassets */; };
		C80D9494217F1F240004AEE1 /* LaunchScreen.storyboard in Resources */ = {isa = PBXBuildFile; fileRef = C80D9492217F1F240004AEE1 /* LaunchScreen.storyboard */; };
		C80D9497217F1F240004AEE1 /* main.m in Sources */ = {isa = PBXBuildFile; fileRef = C80D9496217F1F240004AEE1 /* main.m */; };
		C80D94A1217F1F240004AEE1 /* chartTestTests.m in Sources */ = {isa = PBXBuildFile; fileRef = C80D94A0217F1F240004AEE1 /* chartTestTests.m */; };
		C80D94AC217F1F240004AEE1 /* chartTestUITests.m in Sources */ = {isa = PBXBuildFile; fileRef = C80D94AB217F1F240004AEE1 /* chartTestUITests.m */; };
		C80D94C7217F1F410004AEE1 /* YJYLinesCell.m in Sources */ = {isa = PBXBuildFile; fileRef = C80D94BA217F1F400004AEE1 /* YJYLinesCell.m */; };
		C80D94C8217F1F410004AEE1 /* LHYLinesPaoPaoView.m in Sources */ = {isa = PBXBuildFile; fileRef = C80D94BE217F1F400004AEE1 /* LHYLinesPaoPaoView.m */; };
		C80D94C9217F1F410004AEE1 /* LHYChartView.m in Sources */ = {isa = PBXBuildFile; fileRef = C80D94BF217F1F400004AEE1 /* LHYChartView.m */; };
		C80D94CA217F1F410004AEE1 /* LinesSelectCell.m in Sources */ = {isa = PBXBuildFile; fileRef = C80D94C0217F1F400004AEE1 /* LinesSelectCell.m */; };
		C80D94CB217F1F410004AEE1 /* YJYTouchCollectionView.m in Sources */ = {isa = PBXBuildFile; fileRef = C80D94C1217F1F400004AEE1 /* YJYTouchCollectionView.m */; };
		C80D94CC217F1F410004AEE1 /* YJYTouchScroll.m in Sources */ = {isa = PBXBuildFile; fileRef = C80D94C3217F1F400004AEE1 /* YJYTouchScroll.m */; };
		C80D94CD217F1F410004AEE1 /* YJYLinesCell.xib in Resources */ = {isa = PBXBuildFile; fileRef = C80D94C5217F1F400004AEE1 /* YJYLinesCell.xib */; };
		C8A1491A224489B200DA0981 /* UIColor+expanded.m in Sources */ = {isa = PBXBuildFile; fileRef = C8A14919224489B200DA0981 /* UIColor+expanded.m */; };
		C8A1492622448A1500DA0981 /* NSString+Extension.m in Sources */ = {isa = PBXBuildFile; fileRef = C8A1492222448A1500DA0981 /* NSString+Extension.m */; };
/* End PBXBuildFile section */

/* Begin PBXContainerItemProxy section */
		C80D949D217F1F240004AEE1 /* PBXContainerItemProxy */ = {
			isa = PBXContainerItemProxy;
			containerPortal = C80D947C217F1F230004AEE1 /* Project object */;
			proxyType = 1;
			remoteGlobalIDString = C80D9483217F1F230004AEE1;
			remoteInfo = chartTest;
		};
		C80D94A8217F1F240004AEE1 /* PBXContainerItemProxy */ = {
			isa = PBXContainerItemProxy;
			containerPortal = C80D947C217F1F230004AEE1 /* Project object */;
			proxyType = 1;
			remoteGlobalIDString = C80D9483217F1F230004AEE1;
			remoteInfo = chartTest;
		};
/* End PBXContainerItemProxy section */

/* Begin PBXFileReference section */
		C80D9484217F1F230004AEE1 /* chartTest.app */ = {isa = PBXFileReference; explicitFileType = wrapper.application; includeInIndex = 0; path = chartTest.app; sourceTree = BUILT_PRODUCTS_DIR; };
		C80D9487217F1F230004AEE1 /* AppDelegate.h */ = {isa = PBXFileReference; lastKnownFileType = sourcecode.c.h; path = AppDelegate.h; sourceTree = "<group>"; };
		C80D9488217F1F230004AEE1 /* AppDelegate.m */ = {isa = PBXFileReference; lastKnownFileType = sourcecode.c.objc; path = AppDelegate.m; sourceTree = "<group>"; };
		C80D948A217F1F230004AEE1 /* ViewController.h */ = {isa = PBXFileReference; lastKnownFileType = sourcecode.c.h; path = ViewController.h; sourceTree = "<group>"; };
		C80D948B217F1F230004AEE1 /* ViewController.m */ = {isa = PBXFileReference; lastKnownFileType = sourcecode.c.objc; path = ViewController.m; sourceTree = "<group>"; };
		C80D948E217F1F230004AEE1 /* Base */ = {isa = PBXFileReference; lastKnownFileType = file.storyboard; name = Base; path = Base.lproj/Main.storyboard; sourceTree = "<group>"; };
		C80D9490217F1F240004AEE1 /* Assets.xcassets */ = {isa = PBXFileReference; lastKnownFileType = folder.assetcatalog; path = Assets.xcassets; sourceTree = "<group>"; };
		C80D9493217F1F240004AEE1 /* Base */ = {isa = PBXFileReference; lastKnownFileType = file.storyboard; name = Base; path = Base.lproj/LaunchScreen.storyboard; sourceTree = "<group>"; };
		C80D9495217F1F240004AEE1 /* Info.plist */ = {isa = PBXFileReference; lastKnownFileType = text.plist.xml; path = Info.plist; sourceTree = "<group>"; };
		C80D9496217F1F240004AEE1 /* main.m */ = {isa = PBXFileReference; lastKnownFileType = sourcecode.c.objc; path = main.m; sourceTree = "<group>"; };
		C80D949C217F1F240004AEE1 /* chartTestTests.xctest */ = {isa = PBXFileReference; explicitFileType = wrapper.cfbundle; includeInIndex = 0; path = chartTestTests.xctest; sourceTree = BUILT_PRODUCTS_DIR; };
		C80D94A0217F1F240004AEE1 /* chartTestTests.m */ = {isa = PBXFileReference; lastKnownFileType = sourcecode.c.objc; path = chartTestTests.m; sourceTree = "<group>"; };
		C80D94A2217F1F240004AEE1 /* Info.plist */ = {isa = PBXFileReference; lastKnownFileType = text.plist.xml; path = Info.plist; sourceTree = "<group>"; };
		C80D94A7217F1F240004AEE1 /* chartTestUITests.xctest */ = {isa = PBXFileReference; explicitFileType = wrapper.cfbundle; includeInIndex = 0; path = chartTestUITests.xctest; sourceTree = BUILT_PRODUCTS_DIR; };
		C80D94AB217F1F240004AEE1 /* chartTestUITests.m */ = {isa = PBXFileReference; lastKnownFileType = sourcecode.c.objc; path = chartTestUITests.m; sourceTree = "<group>"; };
		C80D94AD217F1F240004AEE1 /* Info.plist */ = {isa = PBXFileReference; lastKnownFileType = text.plist.xml; path = Info.plist; sourceTree = "<group>"; };
		C80D94BA217F1F400004AEE1 /* YJYLinesCell.m */ = {isa = PBXFileReference; fileEncoding = 4; lastKnownFileType = sourcecode.c.objc; path = YJYLinesCell.m; sourceTree = "<group>"; };
		C80D94BB217F1F400004AEE1 /* YJYTouchCollectionView.h */ = {isa = PBXFileReference; fileEncoding = 4; lastKnownFileType = sourcecode.c.h; path = YJYTouchCollectionView.h; sourceTree = "<group>"; };
		C80D94BC217F1F400004AEE1 /* LinesSelectCell.h */ = {isa = PBXFileReference; fileEncoding = 4; lastKnownFileType = sourcecode.c.h; path = LinesSelectCell.h; sourceTree = "<group>"; };
		C80D94BD217F1F400004AEE1 /* YJYTouchScroll.h */ = {isa = PBXFileReference; fileEncoding = 4; lastKnownFileType = sourcecode.c.h; path = YJYTouchScroll.h; sourceTree = "<group>"; };
		C80D94BE217F1F400004AEE1 /* LHYLinesPaoPaoView.m */ = {isa = PBXFileReference; fileEncoding = 4; lastKnownFileType = sourcecode.c.objc; path = LHYLinesPaoPaoView.m; sourceTree = "<group>"; };
		C80D94BF217F1F400004AEE1 /* LHYChartView.m */ = {isa = PBXFileReference; fileEncoding = 4; lastKnownFileType = sourcecode.c.objc; path = LHYChartView.m; sourceTree = "<group>"; };
		C80D94C0217F1F400004AEE1 /* LinesSelectCell.m */ = {isa = PBXFileReference; fileEncoding = 4; lastKnownFileType = sourcecode.c.objc; path = LinesSelectCell.m; sourceTree = "<group>"; };
		C80D94C1217F1F400004AEE1 /* YJYTouchCollectionView.m */ = {isa = PBXFileReference; fileEncoding = 4; lastKnownFileType = sourcecode.c.objc; path = YJYTouchCollectionView.m; sourceTree = "<group>"; };
		C80D94C2217F1F400004AEE1 /* YJYLinesCell.h */ = {isa = PBXFileReference; fileEncoding = 4; lastKnownFileType = sourcecode.c.h; path = YJYLinesCell.h; sourceTree = "<group>"; };
		C80D94C3217F1F400004AEE1 /* YJYTouchScroll.m */ = {isa = PBXFileReference; fileEncoding = 4; lastKnownFileType = sourcecode.c.objc; path = YJYTouchScroll.m; sourceTree = "<group>"; };
		C80D94C4217F1F400004AEE1 /* LHYLinesPaoPaoView.h */ = {isa = PBXFileReference; fileEncoding = 4; lastKnownFileType = sourcecode.c.h; path = LHYLinesPaoPaoView.h; sourceTree = "<group>"; };
		C80D94C5217F1F400004AEE1 /* YJYLinesCell.xib */ = {isa = PBXFileReference; fileEncoding = 4; lastKnownFileType = file.xib; path = YJYLinesCell.xib; sourceTree = "<group>"; };
		C80D94C6217F1F400004AEE1 /* LHYChartView.h */ = {isa = PBXFileReference; fileEncoding = 4; lastKnownFileType = sourcecode.c.h; path = LHYChartView.h; sourceTree = "<group>"; };
		C8A14918224489B200DA0981 /* UIColor+expanded.h */ = {isa = PBXFileReference; fileEncoding = 4; lastKnownFileType = sourcecode.c.h; path = "UIColor+expanded.h"; sourceTree = "<group>"; };
		C8A14919224489B200DA0981 /* UIColor+expanded.m */ = {isa = PBXFileReference; fileEncoding = 4; lastKnownFileType = sourcecode.c.objc; path = "UIColor+expanded.m"; sourceTree = "<group>"; };
		C8A1491D22448A1500DA0981 /* NSString+Extension.h */ = {isa = PBXFileReference; fileEncoding = 4; lastKnownFileType = sourcecode.c.h; path = "NSString+Extension.h"; sourceTree = "<group>"; };
		C8A1492222448A1500DA0981 /* NSString+Extension.m */ = {isa = PBXFileReference; fileEncoding = 4; lastKnownFileType = sourcecode.c.objc; path = "NSString+Extension.m"; sourceTree = "<group>"; };
/* End PBXFileReference section */

/* Begin PBXFrameworksBuildPhase section */
		C80D9481217F1F230004AEE1 /* Frameworks */ = {
			isa = PBXFrameworksBuildPhase;
			buildActionMask = 2147483647;
			files = (
			);
			runOnlyForDeploymentPostprocessing = 0;
		};
		C80D9499217F1F240004AEE1 /* Frameworks */ = {
			isa = PBXFrameworksBuildPhase;
			buildActionMask = 2147483647;
			files = (
			);
			runOnlyForDeploymentPostprocessing = 0;
		};
		C80D94A4217F1F240004AEE1 /* Frameworks */ = {
			isa = PBXFrameworksBuildPhase;
			buildActionMask = 2147483647;
			files = (
			);
			runOnlyForDeploymentPostprocessing = 0;
		};
/* End PBXFrameworksBuildPhase section */

/* Begin PBXGroup section */
		C80D947B217F1F230004AEE1 = {
			isa = PBXGroup;
			children = (
				C80D9486217F1F230004AEE1 /* chartTest */,
				C80D949F217F1F240004AEE1 /* chartTestTests */,
				C80D94AA217F1F240004AEE1 /* chartTestUITests */,
				C80D9485217F1F230004AEE1 /* Products */,
			);
			sourceTree = "<group>";
		};
		C80D9485217F1F230004AEE1 /* Products */ = {
			isa = PBXGroup;
			children = (
				C80D9484217F1F230004AEE1 /* chartTest.app */,
				C80D949C217F1F240004AEE1 /* chartTestTests.xctest */,
				C80D94A7217F1F240004AEE1 /* chartTestUITests.xctest */,
			);
			name = Products;
			sourceTree = "<group>";
		};
		C80D9486217F1F230004AEE1 /* chartTest */ = {
			isa = PBXGroup;
			children = (
				C8A14916224489B200DA0981 /* category */,
				C80D9487217F1F230004AEE1 /* AppDelegate.h */,
				C80D9488217F1F230004AEE1 /* AppDelegate.m */,
				C80D948A217F1F230004AEE1 /* ViewController.h */,
				C80D948B217F1F230004AEE1 /* ViewController.m */,
				C80D94B9217F1F400004AEE1 /* charView */,
				C80D948D217F1F230004AEE1 /* Main.storyboard */,
				C80D9490217F1F240004AEE1 /* Assets.xcassets */,
				C80D9492217F1F240004AEE1 /* LaunchScreen.storyboard */,
				C80D9495217F1F240004AEE1 /* Info.plist */,
				C80D9496217F1F240004AEE1 /* main.m */,
			);
			path = chartTest;
			sourceTree = "<group>";
		};
		C80D949F217F1F240004AEE1 /* chartTestTests */ = {
			isa = PBXGroup;
			children = (
				C80D94A0217F1F240004AEE1 /* chartTestTests.m */,
				C80D94A2217F1F240004AEE1 /* Info.plist */,
			);
			path = chartTestTests;
			sourceTree = "<group>";
		};
		C80D94AA217F1F240004AEE1 /* chartTestUITests */ = {
			isa = PBXGroup;
			children = (
				C80D94AB217F1F240004AEE1 /* chartTestUITests.m */,
				C80D94AD217F1F240004AEE1 /* Info.plist */,
			);
			path = chartTestUITests;
			sourceTree = "<group>";
		};
		C80D94B9217F1F400004AEE1 /* charView */ = {
			isa = PBXGroup;
			children = (
				C80D94C6217F1F400004AEE1 /* LHYChartView.h */,
				C80D94BF217F1F400004AEE1 /* LHYChartView.m */,
				C80D94C2217F1F400004AEE1 /* YJYLinesCell.h */,
				C80D94BA217F1F400004AEE1 /* YJYLinesCell.m */,
				C80D94C5217F1F400004AEE1 /* YJYLinesCell.xib */,
				C80D94BC217F1F400004AEE1 /* LinesSelectCell.h */,
				C80D94C0217F1F400004AEE1 /* LinesSelectCell.m */,
				C80D94C4217F1F400004AEE1 /* LHYLinesPaoPaoView.h */,
				C80D94BE217F1F400004AEE1 /* LHYLinesPaoPaoView.m */,
				C80D94BB217F1F400004AEE1 /* YJYTouchCollectionView.h */,
				C80D94C1217F1F400004AEE1 /* YJYTouchCollectionView.m */,
				C80D94BD217F1F400004AEE1 /* YJYTouchScroll.h */,
				C80D94C3217F1F400004AEE1 /* YJYTouchScroll.m */,
			);
			path = charView;
			sourceTree = "<group>";
		};
		C8A14916224489B200DA0981 /* category */ = {
			isa = PBXGroup;
			children = (
				C8A1491B22448A1500DA0981 /* NSString */,
				C8A14917224489B200DA0981 /* UIColor */,
			);
			path = category;
			sourceTree = "<group>";
		};
		C8A14917224489B200DA0981 /* UIColor */ = {
			isa = PBXGroup;
			children = (
				C8A14918224489B200DA0981 /* UIColor+expanded.h */,
				C8A14919224489B200DA0981 /* UIColor+expanded.m */,
			);
			path = UIColor;
			sourceTree = "<group>";
		};
		C8A1491B22448A1500DA0981 /* NSString */ = {
			isa = PBXGroup;
			children = (
				C8A1491D22448A1500DA0981 /* NSString+Extension.h */,
				C8A1492222448A1500DA0981 /* NSString+Extension.m */,
			);
			path = NSString;
			sourceTree = "<group>";
		};
/* End PBXGroup section */

/* Begin PBXNativeTarget section */
		C80D9483217F1F230004AEE1 /* chartTest */ = {
			isa = PBXNativeTarget;
			buildConfigurationList = C80D94B0217F1F240004AEE1 /* Build configuration list for PBXNativeTarget "chartTest" */;
			buildPhases = (
				C80D9480217F1F230004AEE1 /* Sources */,
				C80D9481217F1F230004AEE1 /* Frameworks */,
				C80D9482217F1F230004AEE1 /* Resources */,
			);
			buildRules = (
			);
			dependencies = (
			);
			name = chartTest;
			productName = chartTest;
			productReference = C80D9484217F1F230004AEE1 /* chartTest.app */;
			productType = "com.apple.product-type.application";
		};
		C80D949B217F1F240004AEE1 /* chartTestTests */ = {
			isa = PBXNativeTarget;
			buildConfigurationList = C80D94B3217F1F240004AEE1 /* Build configuration list for PBXNativeTarget "chartTestTests" */;
			buildPhases = (
				C80D9498217F1F240004AEE1 /* Sources */,
				C80D9499217F1F240004AEE1 /* Frameworks */,
				C80D949A217F1F240004AEE1 /* Resources */,
			);
			buildRules = (
			);
			dependencies = (
				C80D949E217F1F240004AEE1 /* PBXTargetDependency */,
			);
			name = chartTestTests;
			productName = chartTestTests;
			productReference = C80D949C217F1F240004AEE1 /* chartTestTests.xctest */;
			productType = "com.apple.product-type.bundle.unit-test";
		};
		C80D94A6217F1F240004AEE1 /* chartTestUITests */ = {
			isa = PBXNativeTarget;
			buildConfigurationList = C80D94B6217F1F240004AEE1 /* Build configuration list for PBXNativeTarget "chartTestUITests" */;
			buildPhases = (
				C80D94A3217F1F240004AEE1 /* Sources */,
				C80D94A4217F1F240004AEE1 /* Frameworks */,
				C80D94A5217F1F240004AEE1 /* Resources */,
			);
			buildRules = (
			);
			dependencies = (
				C80D94A9217F1F240004AEE1 /* PBXTargetDependency */,
			);
			name = chartTestUITests;
			productName = chartTestUITests;
			productReference = C80D94A7217F1F240004AEE1 /* chartTestUITests.xctest */;
			productType = "com.apple.product-type.bundle.ui-testing";
		};
/* End PBXNativeTarget section */

/* Begin PBXProject section */
		C80D947C217F1F230004AEE1 /* Project object */ = {
			isa = PBXProject;
			attributes = {
				LastUpgradeCheck = 1000;
				ORGANIZATIONNAME = lihaiyang;
				TargetAttributes = {
					C80D9483217F1F230004AEE1 = {
						CreatedOnToolsVersion = 10.0;
					};
					C80D949B217F1F240004AEE1 = {
						CreatedOnToolsVersion = 10.0;
						TestTargetID = C80D9483217F1F230004AEE1;
					};
					C80D94A6217F1F240004AEE1 = {
						CreatedOnToolsVersion = 10.0;
						TestTargetID = C80D9483217F1F230004AEE1;
					};
				};
			};
			buildConfigurationList = C80D947F217F1F230004AEE1 /* Build configuration list for PBXProject "chartTest" */;
			compatibilityVersion = "Xcode 9.3";
			developmentRegion = en;
			hasScannedForEncodings = 0;
			knownRegions = (
				en,
				Base,
			);
			mainGroup = C80D947B217F1F230004AEE1;
			productRefGroup = C80D9485217F1F230004AEE1 /* Products */;
			projectDirPath = "";
			projectRoot = "";
			targets = (
				C80D9483217F1F230004AEE1 /* chartTest */,
				C80D949B217F1F240004AEE1 /* chartTestTests */,
				C80D94A6217F1F240004AEE1 /* chartTestUITests */,
			);
		};
/* End PBXProject section */

/* Begin PBXResourcesBuildPhase section */
		C80D9482217F1F230004AEE1 /* Resources */ = {
			isa = PBXResourcesBuildPhase;
			buildActionMask = 2147483647;
			files = (
				C80D94CD217F1F410004AEE1 /* YJYLinesCell.xib in Resources */,
				C80D9494217F1F240004AEE1 /* LaunchScreen.storyboard in Resources */,
				C80D9491217F1F240004AEE1 /* Assets.xcassets in Resources */,
				C80D948F217F1F230004AEE1 /* Main.storyboard in Resources */,
			);
			runOnlyForDeploymentPostprocessing = 0;
		};
		C80D949A217F1F240004AEE1 /* Resources */ = {
			isa = PBXResourcesBuildPhase;
			buildActionMask = 2147483647;
			files = (
			);
			runOnlyForDeploymentPostprocessing = 0;
		};
		C80D94A5217F1F240004AEE1 /* Resources */ = {
			isa = PBXResourcesBuildPhase;
			buildActionMask = 2147483647;
			files = (
			);
			runOnlyForDeploymentPostprocessing = 0;
		};
/* End PBXResourcesBuildPhase section */

/* Begin PBXSourcesBuildPhase section */
		C80D9480217F1F230004AEE1 /* Sources */ = {
			isa = PBXSourcesBuildPhase;
			buildActionMask = 2147483647;
			files = (
				C8A1491A224489B200DA0981 /* UIColor+expanded.m in Sources */,
				C80D94C7217F1F410004AEE1 /* YJYLinesCell.m in Sources */,
				C80D94CB217F1F410004AEE1 /* YJYTouchCollectionView.m in Sources */,
				C80D948C217F1F230004AEE1 /* ViewController.m in Sources */,
				C80D94CC217F1F410004AEE1 /* YJYTouchScroll.m in Sources */,
				C8A1492622448A1500DA0981 /* NSString+Extension.m in Sources */,
				C80D9497217F1F240004AEE1 /* main.m in Sources */,
				C80D9489217F1F230004AEE1 /* AppDelegate.m in Sources */,
				C80D94CA217F1F410004AEE1 /* LinesSelectCell.m in Sources */,
				C80D94C8217F1F410004AEE1 /* LHYLinesPaoPaoView.m in Sources */,
				C80D94C9217F1F410004AEE1 /* LHYChartView.m in Sources */,
			);
			runOnlyForDeploymentPostprocessing = 0;
		};
		C80D9498217F1F240004AEE1 /* Sources */ = {
			isa = PBXSourcesBuildPhase;
			buildActionMask = 2147483647;
			files = (
				C80D94A1217F1F240004AEE1 /* chartTestTests.m in Sources */,
			);
			runOnlyForDeploymentPostprocessing = 0;
		};
		C80D94A3217F1F240004AEE1 /* Sources */ = {
			isa = PBXSourcesBuildPhase;
			buildActionMask = 2147483647;
			files = (
				C80D94AC217F1F240004AEE1 /* chartTestUITests.m in Sources */,
			);
			runOnlyForDeploymentPostprocessing = 0;
		};
/* End PBXSourcesBuildPhase section */

/* Begin PBXTargetDependency section */
		C80D949E217F1F240004AEE1 /* PBXTargetDependency */ = {
			isa = PBXTargetDependency;
			target = C80D9483217F1F230004AEE1 /* chartTest */;
			targetProxy = C80D949D217F1F240004AEE1 /* PBXContainerItemProxy */;
		};
		C80D94A9217F1F240004AEE1 /* PBXTargetDependency */ = {
			isa = PBXTargetDependency;
			target = C80D9483217F1F230004AEE1 /* chartTest */;
			targetProxy = C80D94A8217F1F240004AEE1 /* PBXContainerItemProxy */;
		};
/* End PBXTargetDependency section */

/* Begin PBXVariantGroup section */
		C80D948D217F1F230004AEE1 /* Main.storyboard */ = {
			isa = PBXVariantGroup;
			children = (
				C80D948E217F1F230004AEE1 /* Base */,
			);
			name = Main.storyboard;
			sourceTree = "<group>";
		};
		C80D9492217F1F240004AEE1 /* LaunchScreen.storyboard */ = {
			isa = PBXVariantGroup;
			children = (
				C80D9493217F1F240004AEE1 /* Base */,
			);
			name = LaunchScreen.storyboard;
			sourceTree = "<group>";
		};
/* End PBXVariantGroup section */

/* Begin XCBuildConfiguration section */
		C80D94AE217F1F240004AEE1 /* Debug */ = {
			isa = XCBuildConfiguration;
			buildSettings = {
				ALWAYS_SEARCH_USER_PATHS = NO;
				CLANG_ANALYZER_NONNULL = YES;
				CLANG_ANALYZER_NUMBER_OBJECT_CONVERSION = YES_AGGRESSIVE;
				CLANG_CXX_LANGUAGE_STANDARD = "gnu++14";
				CLANG_CXX_LIBRARY = "libc++";
				CLANG_ENABLE_MODULES = YES;
				CLANG_ENABLE_OBJC_ARC = YES;
				CLANG_ENABLE_OBJC_WEAK = YES;
				CLANG_WARN_BLOCK_CAPTURE_AUTORELEASING = YES;
				CLANG_WARN_BOOL_CONVERSION = YES;
				CLANG_WARN_COMMA = YES;
				CLANG_WARN_CONSTANT_CONVERSION = YES;
				CLANG_WARN_DEPRECATED_OBJC_IMPLEMENTATIONS = YES;
				CLANG_WARN_DIRECT_OBJC_ISA_USAGE = YES_ERROR;
				CLANG_WARN_DOCUMENTATION_COMMENTS = YES;
				CLANG_WARN_EMPTY_BODY = YES;
				CLANG_WARN_ENUM_CONVERSION = YES;
				CLANG_WARN_INFINITE_RECURSION = YES;
				CLANG_WARN_INT_CONVERSION = YES;
				CLANG_WARN_NON_LITERAL_NULL_CONVERSION = YES;
				CLANG_WARN_OBJC_IMPLICIT_RETAIN_SELF = YES;
				CLANG_WARN_OBJC_LITERAL_CONVERSION = YES;
				CLANG_WARN_OBJC_ROOT_CLASS = YES_ERROR;
				CLANG_WARN_RANGE_LOOP_ANALYSIS = YES;
				CLANG_WARN_STRICT_PROTOTYPES = YES;
				CLANG_WARN_SUSPICIOUS_MOVE = YES;
				CLANG_WARN_UNGUARDED_AVAILABILITY = YES_AGGRESSIVE;
				CLANG_WARN_UNREACHABLE_CODE = YES;
				CLANG_WARN__DUPLICATE_METHOD_MATCH = YES;
				CODE_SIGN_IDENTITY = "iPhone Developer";
				COPY_PHASE_STRIP = NO;
				DEBUG_INFORMATION_FORMAT = dwarf;
				ENABLE_STRICT_OBJC_MSGSEND = YES;
				ENABLE_TESTABILITY = YES;
				GCC_C_LANGUAGE_STANDARD = gnu11;
				GCC_DYNAMIC_NO_PIC = NO;
				GCC_NO_COMMON_BLOCKS = YES;
				GCC_OPTIMIZATION_LEVEL = 0;
				GCC_PREPROCESSOR_DEFINITIONS = (
					"DEBUG=1",
					"$(inherited)",
				);
				GCC_WARN_64_TO_32_BIT_CONVERSION = YES;
				GCC_WARN_ABOUT_RETURN_TYPE = YES_ERROR;
				GCC_WARN_UNDECLARED_SELECTOR = YES;
				GCC_WARN_UNINITIALIZED_AUTOS = YES_AGGRESSIVE;
				GCC_WARN_UNUSED_FUNCTION = YES;
				GCC_WARN_UNUSED_VARIABLE = YES;
				IPHONEOS_DEPLOYMENT_TARGET = 12.0;
				MTL_ENABLE_DEBUG_INFO = INCLUDE_SOURCE;
				MTL_FAST_MATH = YES;
				ONLY_ACTIVE_ARCH = YES;
				SDKROOT = iphoneos;
			};
			name = Debug;
		};
		C80D94AF217F1F240004AEE1 /* Release */ = {
			isa = XCBuildConfiguration;
			buildSettings = {
				ALWAYS_SEARCH_USER_PATHS = NO;
				CLANG_ANALYZER_NONNULL = YES;
				CLANG_ANALYZER_NUMBER_OBJECT_CONVERSION = YES_AGGRESSIVE;
				CLANG_CXX_LANGUAGE_STANDARD = "gnu++14";
				CLANG_CXX_LIBRARY = "libc++";
				CLANG_ENABLE_MODULES = YES;
				CLANG_ENABLE_OBJC_ARC = YES;
				CLANG_ENABLE_OBJC_WEAK = YES;
				CLANG_WARN_BLOCK_CAPTURE_AUTORELEASING = YES;
				CLANG_WARN_BOOL_CONVERSION = YES;
				CLANG_WARN_COMMA = YES;
				CLANG_WARN_CONSTANT_CONVERSION = YES;
				CLANG_WARN_DEPRECATED_OBJC_IMPLEMENTATIONS = YES;
				CLANG_WARN_DIRECT_OBJC_ISA_USAGE = YES_ERROR;
				CLANG_WARN_DOCUMENTATION_COMMENTS = YES;
				CLANG_WARN_EMPTY_BODY = YES;
				CLANG_WARN_ENUM_CONVERSION = YES;
				CLANG_WARN_INFINITE_RECURSION = YES;
				CLANG_WARN_INT_CONVERSION = YES;
				CLANG_WARN_NON_LITERAL_NULL_CONVERSION = YES;
				CLANG_WARN_OBJC_IMPLICIT_RETAIN_SELF = YES;
				CLANG_WARN_OBJC_LITERAL_CONVERSION = YES;
				CLANG_WARN_OBJC_ROOT_CLASS = YES_ERROR;
				CLANG_WARN_RANGE_LOOP_ANALYSIS = YES;
				CLANG_WARN_STRICT_PROTOTYPES = YES;
				CLANG_WARN_SUSPICIOUS_MOVE = YES;
				CLANG_WARN_UNGUARDED_AVAILABILITY = YES_AGGRESSIVE;
				CLANG_WARN_UNREACHABLE_CODE = YES;
				CLANG_WARN__DUPLICATE_METHOD_MATCH = YES;
				CODE_SIGN_IDENTITY = "iPhone Developer";
				COPY_PHASE_STRIP = NO;
				DEBUG_INFORMATION_FORMAT = "dwarf-with-dsym";
				ENABLE_NS_ASSERTIONS = NO;
				ENABLE_STRICT_OBJC_MSGSEND = YES;
				GCC_C_LANGUAGE_STANDARD = gnu11;
				GCC_NO_COMMON_BLOCKS = YES;
				GCC_WARN_64_TO_32_BIT_CONVERSION = YES;
				GCC_WARN_ABOUT_RETURN_TYPE = YES_ERROR;
				GCC_WARN_UNDECLARED_SELECTOR = YES;
				GCC_WARN_UNINITIALIZED_AUTOS = YES_AGGRESSIVE;
				GCC_WARN_UNUSED_FUNCTION = YES;
				GCC_WARN_UNUSED_VARIABLE = YES;
				IPHONEOS_DEPLOYMENT_TARGET = 12.0;
				MTL_ENABLE_DEBUG_INFO = NO;
				MTL_FAST_MATH = YES;
				SDKROOT = iphoneos;
				VALIDATE_PRODUCT = YES;
			};
			name = Release;
		};
		C80D94B1217F1F240004AEE1 /* Debug */ = {
			isa = XCBuildConfiguration;
			buildSettings = {
				ASSETCATALOG_COMPILER_APPICON_NAME = AppIcon;
				CODE_SIGN_STYLE = Automatic;
				INFOPLIST_FILE = chartTest/Info.plist;
				LD_RUNPATH_SEARCH_PATHS = (
					"$(inherited)",
					"@executable_path/Frameworks",
				);
				PRODUCT_BUNDLE_IDENTIFIER = com.cookie.smallScreen.chartTest;
				PRODUCT_NAME = "$(TARGET_NAME)";
				TARGETED_DEVICE_FAMILY = "1,2";
			};
			name = Debug;
		};
		C80D94B2217F1F240004AEE1 /* Release */ = {
			isa = XCBuildConfiguration;
			buildSettings = {
				ASSETCATALOG_COMPILER_APPICON_NAME = AppIcon;
				CODE_SIGN_STYLE = Automatic;
				INFOPLIST_FILE = chartTest/Info.plist;
				LD_RUNPATH_SEARCH_PATHS = (
					"$(inherited)",
					"@executable_path/Frameworks",
				);
				PRODUCT_BUNDLE_IDENTIFIER = com.cookie.smallScreen.chartTest;
				PRODUCT_NAME = "$(TARGET_NAME)";
				TARGETED_DEVICE_FAMILY = "1,2";
			};
			name = Release;
		};
		C80D94B4217F1F240004AEE1 /* Debug */ = {
			isa = XCBuildConfiguration;
			buildSettings = {
				BUNDLE_LOADER = "$(TEST_HOST)";
				CODE_SIGN_STYLE = Automatic;
				INFOPLIST_FILE = chartTestTests/Info.plist;
				LD_RUNPATH_SEARCH_PATHS = (
					"$(inherited)",
					"@executable_path/Frameworks",
					"@loader_path/Frameworks",
				);
				PRODUCT_BUNDLE_IDENTIFIER = com.cookie.smallScreen.chartTestTests;
				PRODUCT_NAME = "$(TARGET_NAME)";
				TARGETED_DEVICE_FAMILY = "1,2";
				TEST_HOST = "$(BUILT_PRODUCTS_DIR)/chartTest.app/chartTest";
			};
			name = Debug;
		};
		C80D94B5217F1F240004AEE1 /* Release */ = {
			isa = XCBuildConfiguration;
			buildSettings = {
				BUNDLE_LOADER = "$(TEST_HOST)";
				CODE_SIGN_STYLE = Automatic;
				INFOPLIST_FILE = chartTestTests/Info.plist;
				LD_RUNPATH_SEARCH_PATHS = (
					"$(inherited)",
					"@executable_path/Frameworks",
					"@loader_path/Frameworks",
				);
				PRODUCT_BUNDLE_IDENTIFIER = com.cookie.smallScreen.chartTestTests;
				PRODUCT_NAME = "$(TARGET_NAME)";
				TARGETED_DEVICE_FAMILY = "1,2";
				TEST_HOST = "$(BUILT_PRODUCTS_DIR)/chartTest.app/chartTest";
			};
			name = Release;
		};
		C80D94B7217F1F240004AEE1 /* Debug */ = {
			isa = XCBuildConfiguration;
			buildSettings = {
				CODE_SIGN_STYLE = Automatic;
				INFOPLIST_FILE = chartTestUITests/Info.plist;
				LD_RUNPATH_SEARCH_PATHS = (
					"$(inherited)",
					"@executable_path/Frameworks",
					"@loader_path/Frameworks",
				);
				PRODUCT_BUNDLE_IDENTIFIER = com.cookie.smallScreen.chartTestUITests;
				PRODUCT_NAME = "$(TARGET_NAME)";
				TARGETED_DEVICE_FAMILY = "1,2";
				TEST_TARGET_NAME = chartTest;
			};
			name = Debug;
		};
		C80D94B8217F1F240004AEE1 /* Release */ = {
			isa = XCBuildConfiguration;
			buildSettings = {
				CODE_SIGN_STYLE = Automatic;
				INFOPLIST_FILE = chartTestUITests/Info.plist;
				LD_RUNPATH_SEARCH_PATHS = (
					"$(inherited)",
					"@executable_path/Frameworks",
					"@loader_path/Frameworks",
				);
				PRODUCT_BUNDLE_IDENTIFIER = com.cookie.smallScreen.chartTestUITests;
				PRODUCT_NAME = "$(TARGET_NAME)";
				TARGETED_DEVICE_FAMILY = "1,2";
				TEST_TARGET_NAME = chartTest;
			};
			name = Release;
		};
/* End XCBuildConfiguration section */

/* Begin XCConfigurationList section */
		C80D947F217F1F230004AEE1 /* Build configuration list for PBXProject "chartTest" */ = {
			isa = XCConfigurationList;
			buildConfigurations = (
				C80D94AE217F1F240004AEE1 /* Debug */,
				C80D94AF217F1F240004AEE1 /* Release */,
			);
			defaultConfigurationIsVisible = 0;
			defaultConfigurationName = Release;
		};
		C80D94B0217F1F240004AEE1 /* Build configuration list for PBXNativeTarget "chartTest" */ = {
			isa = XCConfigurationList;
			buildConfigurations = (
				C80D94B1217F1F240004AEE1 /* Debug */,
				C80D94B2217F1F240004AEE1 /* Release */,
			);
			defaultConfigurationIsVisible = 0;
			defaultConfigurationName = Release;
		};
		C80D94B3217F1F240004AEE1 /* Build configuration list for PBXNativeTarget "chartTestTests" */ = {
			isa = XCConfigurationList;
			buildConfigurations = (
				C80D94B4217F1F240004AEE1 /* Debug */,
				C80D94B5217F1F240004AEE1 /* Release */,
			);
			defaultConfigurationIsVisible = 0;
			defaultConfigurationName = Release;
		};
		C80D94B6217F1F240004AEE1 /* Build configuration list for PBXNativeTarget "chartTestUITests" */ = {
			isa = XCConfigurationList;
			buildConfigurations = (
				C80D94B7217F1F240004AEE1 /* Debug */,
				C80D94B8217F1F240004AEE1 /* Release */,
			);
			defaultConfigurationIsVisible = 0;
			defaultConfigurationName = Release;
		};
/* End XCConfigurationList section */
	};
	rootObject = C80D947C217F1F230004AEE1 /* Project object */;
}
